
Microsoft Visual Studio Solution File, Format Version 12.00
# Visual Studio 2013
VisualStudioVersion = 12.0.31101.0
MinimumVisualStudioVersion = 10.0.40219.1
Project("{FAE04EC0-301F-11D3-BF4B-00C04F79EFBC}") = "MvcDemo.Web", "MvcDemo.Web\MvcDemo.Web.csproj", "{AB4B1AB1-1552-494E-B0CC-306E12C8B8D9}"
EndProject
Project("{FAE04EC0-301F-11D3-BF4B-00C04F79EFBC}") = "Core", "..\CMSSolution\Core\Core.csproj", "{71755C13-7B45-48EA-8425-CBAD44133A02}"
EndProject
Project("{FAE04EC0-301F-11D3-BF4B-00C04F79EFBC}") = "Base", "..\CMSSolution\Base\Base.csproj", "{25431232-C0B1-4AEF-890F-B92DA6DF2BED}"
EndProject
Project("{FAE04EC0-301F-11D3-BF4B-00C04F79EFBC}") = "DocumentEngine", "..\CMSSolution\DocumentEngine\DocumentEngine.csproj", "{CA36A1E6-9385-46AA-A10E-97699E293363}"
EndProject
Project("{FAE04EC0-301F-11D3-BF4B-00C04F79EFBC}") = "Synchronization", "..\CMSSolution\Synchronization\Synchronization.csproj", "{781F46EB-593F-484B-A1DA-C59B1E13B59D}"
EndProject
Project("{FAE04EC0-301F-11D3-BF4B-00C04F79EFBC}") = "DataEngine", "..\CMSSolution\DataEngine\DataEngine.csproj", "{A7A2ECD2-8C5C-4C95-9EFE-82D605FDB28C}"
EndProject
Project("{FAE04EC0-301F-11D3-BF4B-00C04F79EFBC}") = "EventLog", "..\CMSSolution\EventLog\EventLog.csproj", "{7F74D14A-C101-457E-94B0-1DF57A619C84}"
EndProject
Project("{FAE04EC0-301F-11D3-BF4B-00C04F79EFBC}") = "FormEngine", "..\CMSSolution\FormEngine\FormEngine.csproj", "{1169AD9D-510C-4196-9A44-BC1BCB957DFB}"
EndProject
Project("{FAE04EC0-301F-11D3-BF4B-00C04F79EFBC}") = "Helpers", "..\CMSSolution\Helpers\Helpers.csproj", "{AE25CC54-D7AB-4EFE-8A85-6BE0B336BE59}"
EndProject
Project("{FAE04EC0-301F-11D3-BF4B-00C04F79EFBC}") = "ImportExport", "..\CMSSolution\ImportExport\ImportExport.csproj", "{728524DF-119D-4D51-898A-BDFEBB2A56BD}"
EndProject
Project("{FAE04EC0-301F-11D3-BF4B-00C04F79EFBC}") = "IO", "..\CMSSolution\IO\IO.csproj", "{DBCB4EA1-3129-4D2E-A653-DC948A34E0C2}"
EndProject
Project("{FAE04EC0-301F-11D3-BF4B-00C04F79EFBC}") = "LicenseProvider", "..\CMSSolution\LicenseProvider\LicenseProvider.csproj", "{0C4D9649-03DF-4F4D-8ABB-0FC2B86A8FE4}"
EndProject
Project("{FAE04EC0-301F-11D3-BF4B-00C04F79EFBC}") = "MacroEngine", "..\CMSSolution\MacroEngine\MacroEngine.csproj", "{C78D0DDE-11B5-4BBA-98C0-756EBB98228A}"
EndProject
Project("{FAE04EC0-301F-11D3-BF4B-00C04F79EFBC}") = "Membership", "..\CMSSolution\Membership\Membership.csproj", "{D8BC8F2E-B5CB-472B-A894-3900A96FF456}"
EndProject
Project("{FAE04EC0-301F-11D3-BF4B-00C04F79EFBC}") = "PortalEngine", "..\CMSSolution\PortalEngine\PortalEngine.csproj", "{3C35F9B3-FA34-4910-BDF6-BFDB27A2CB99}"
EndProject
Project("{FAE04EC0-301F-11D3-BF4B-00C04F79EFBC}") = "Relationships", "..\CMSSolution\Relationships\Relationships.csproj", "{3868FB15-D7E8-4404-96E3-EDD5C0CEB670}"
EndProject
Project("{FAE04EC0-301F-11D3-BF4B-00C04F79EFBC}") = "Localization", "..\CMSSolution\Localization\Localization.csproj", "{8003C67F-4B92-47BC-9117-CEA7429F929E}"
EndProject
Project("{FAE04EC0-301F-11D3-BF4B-00C04F79EFBC}") = "Scheduler", "..\CMSSolution\Scheduler\Scheduler.csproj", "{F21C925B-3AA1-4139-9706-BA5073527A8F}"
EndProject
Project("{FAE04EC0-301F-11D3-BF4B-00C04F79EFBC}") = "SiteProvider", "..\CMSSolution\SiteProvider\SiteProvider.csproj", "{03F631A2-1728-411F-851B-58B33200B7EA}"
EndProject
Project("{FAE04EC0-301F-11D3-BF4B-00C04F79EFBC}") = "Search", "..\CMSSolution\Search\Search.csproj", "{1F2EE2A3-4D9C-4C9B-96CC-4414656301F2}"
EndProject
Project("{FAE04EC0-301F-11D3-BF4B-00C04F79EFBC}") = "Taxonomy", "..\CMSSolution\Taxonomy\Taxonomy.csproj", "{D9A44465-6411-4BD5-9939-25F571DEAC4E}"
EndProject
Project("{FAE04EC0-301F-11D3-BF4B-00C04F79EFBC}") = "WebFarmSync", "..\CMSSolution\WebFarmSync\WebFarmSync.csproj", "{B428927B-B248-4428-BA1C-38FC6C2D8BCD}"
EndProject
Project("{FAE04EC0-301F-11D3-BF4B-00C04F79EFBC}") = "WorkflowEngine", "..\CMSSolution\WorkflowEngine\WorkflowEngine.csproj", "{35808876-2219-4DB5-9F3E-C683EDB20BCA}"
EndProject
Project("{FAE04EC0-301F-11D3-BF4B-00C04F79EFBC}") = "Modules", "..\CMSSolution\Modules\Modules.csproj", "{6BDC71F9-7A04-45DA-8821-1246EC51E3CE}"
EndProject
Project("{FAE04EC0-301F-11D3-BF4B-00C04F79EFBC}") = "EmailEngine", "..\CMSSolution\EmailEngine\EmailEngine.csproj", "{F4E4C255-DD0D-4AB8-985B-B20B36E5B6EE}"
EndProject
Project("{FAE04EC0-301F-11D3-BF4B-00C04F79EFBC}") = "HealthMonitoring", "..\CMSSolution\HealthMonitoring\HealthMonitoring.csproj", "{81E6F73E-5CA4-4FC0-9FC0-A508AFAEE05D}"
EndProject
Project("{FAE04EC0-301F-11D3-BF4B-00C04F79EFBC}") = "Globalization", "..\CMSSolution\Globalization\Globalization.csproj", "{D9B92F71-4497-4050-A75D-0F9C84DFBE6B}"
EndProject
Project("{FAE04EC0-301F-11D3-BF4B-00C04F79EFBC}") = "Protection", "..\CMSSolution\Protection\Protection.csproj", "{BD8679F6-9BC7-48EA-8DCE-F244BC328BA8}"
EndProject
Project("{FAE04EC0-301F-11D3-BF4B-00C04F79EFBC}") = "FiftyOne", "..\CMSSolution\FiftyOne\FiftyOne.csproj", "{2C9B0E11-2654-49AF-855A-BFA629F302E8}"
EndProject
Project("{2150E333-8FDC-42A3-9474-1A3956D46DE8}") = "Kentico", "Kentico", "{E2772815-CCB6-4A0A-8411-C4884148ACCC}"
EndProject
Project("{FAE04EC0-301F-11D3-BF4B-00C04F79EFBC}") = "DataProviderSQL", "..\CMSSolution\DataProviderSQL\DataProviderSQL.csproj", "{0B9BED62-EB15-47C2-9D40-D961910128BD}"
EndProject
Project("{FAE04EC0-301F-11D3-BF4B-00C04F79EFBC}") = "FileSystemStorage", "..\CMSSolution\FileSystemStorage\FileSystemStorage.csproj", "{36E8F750-2713-4D63-8D08-60B376FB15BF}"
EndProject
Project("{FAE04EC0-301F-11D3-BF4B-00C04F79EFBC}") = "OnlineForms", "..\CMSSolution\OnlineForms\OnlineForms.csproj", "{6780157E-48DF-4254-B455-D9CEBE73250F}"
EndProject
Project("{2150E333-8FDC-42A3-9474-1A3956D46DE8}") = ".nuget", ".nuget", "{C14FED65-9FF7-4535-87D5-84D5EF678AAC}"
	ProjectSection(SolutionItems) = preProject
		.nuget\NuGet.Config = .nuget\NuGet.Config
		.nuget\NuGet.exe = .nuget\NuGet.exe
		.nuget\NuGet.targets = .nuget\NuGet.targets
	EndProjectSection
EndProject
Project("{FAE04EC0-301F-11D3-BF4B-00C04F79EFBC}") = "Newsletters", "..\CMSSolution\Newsletters\Newsletters.csproj", "{51729DE3-8BFF-4943-B5CD-CC63DDCB3E56}"
EndProject
Project("{FAE04EC0-301F-11D3-BF4B-00C04F79EFBC}") = "ExtendedControls", "..\CMSSolution\ExtendedControls\ExtendedControls.csproj", "{B982A3AE-CC79-49F6-A35C-2AEE6DF1A786}"
EndProject
Project("{FAE04EC0-301F-11D3-BF4B-00C04F79EFBC}") = "Automation", "..\CMSSolution\Automation\Automation.csproj", "{D78A0F88-323C-47BA-9E69-50FDF6EFCFCA}"
EndProject
Project("{FAE04EC0-301F-11D3-BF4B-00C04F79EFBC}") = "WebAnalytics", "..\CMSSolution\WebAnalytics\WebAnalytics.csproj", "{C2B6B91C-1D58-4531-8893-388960AFAA80}"
EndProject
Project("{FAE04EC0-301F-11D3-BF4B-00C04F79EFBC}") = "FormControls", "..\CMSSolution\FormControls\FormControls.csproj", "{F14D8489-61A4-4883-98E8-4E03EB0058A3}"
EndProject
Project("{FAE04EC0-301F-11D3-BF4B-00C04F79EFBC}") = "Search.Lucene3", "..\CMSSolution\Search.Lucene3\Search.Lucene3.csproj", "{27CF8B76-260A-4FB9-8574-3B6BF13F110D}"
EndProject
Project("{FAE04EC0-301F-11D3-BF4B-00C04F79EFBC}") = "Lucene.Net.v3", "..\CMSSolution\Lucene.NET3\core\Lucene.Net.v3.csproj", "{5D4AD9BE-1FFB-41AB-9943-25737971BF57}"
EndProject
Project("{FAE04EC0-301F-11D3-BF4B-00C04F79EFBC}") = "Contrib.WordNet.SynExpand", "..\CMSSolution\Lucene.NET3\contrib\WordNet\SynExpand\Contrib.WordNet.SynExpand.csproj", "{1407C9BA-337C-4C6C-B065-68328D3871B3}"
EndProject
Global
	GlobalSection(TeamFoundationVersionControl) = preSolution
		SccNumberOfProjects = 41
		SccEnterpriseProvider = {4CA58AB2-18FA-4F8D-95D4-32DDF27D184C}
		SccTeamFoundationServer = http://tfs-02:8080/tfs/defaultcollection
		SccLocalPath0 = .
		SccProjectUniqueName1 = ..\\CMSSolution\\Core\\Core.csproj
		SccProjectTopLevelParentUniqueName1 = MvcDemo.sln
		SccProjectName1 = ../CMSSolution/Core
		SccLocalPath1 = ..\\CMSSolution\\Core
		SccProjectUniqueName2 = ..\\CMSSolution\\Base\\Base.csproj
		SccProjectTopLevelParentUniqueName2 = MvcDemo.sln
		SccProjectName2 = ../CMSSolution/Base
		SccLocalPath2 = ..\\CMSSolution\\Base
		SccProjectUniqueName3 = ..\\CMSSolution\\DocumentEngine\\DocumentEngine.csproj
		SccProjectTopLevelParentUniqueName3 = MvcDemo.sln
		SccProjectName3 = ../CMSSolution/DocumentEngine
		SccLocalPath3 = ..\\CMSSolution\\DocumentEngine
		SccProjectUniqueName4 = ..\\CMSSolution\\Synchronization\\Synchronization.csproj
		SccProjectTopLevelParentUniqueName4 = MvcDemo.sln
		SccProjectName4 = ../CMSSolution/Synchronization
		SccLocalPath4 = ..\\CMSSolution\\Synchronization
		SccProjectUniqueName5 = ..\\CMSSolution\\DataEngine\\DataEngine.csproj
		SccProjectTopLevelParentUniqueName5 = MvcDemo.sln
		SccProjectName5 = ../CMSSolution/DataEngine
		SccLocalPath5 = ..\\CMSSolution\\DataEngine
		SccProjectUniqueName6 = ..\\CMSSolution\\EventLog\\EventLog.csproj
		SccProjectTopLevelParentUniqueName6 = MvcDemo.sln
		SccProjectName6 = ../CMSSolution/EventLog
		SccLocalPath6 = ..\\CMSSolution\\EventLog
		SccProjectUniqueName7 = ..\\CMSSolution\\FormEngine\\FormEngine.csproj
		SccProjectTopLevelParentUniqueName7 = MvcDemo.sln
		SccProjectName7 = ../CMSSolution/FormEngine
		SccLocalPath7 = ..\\CMSSolution\\FormEngine
		SccProjectUniqueName8 = ..\\CMSSolution\\Helpers\\Helpers.csproj
		SccProjectTopLevelParentUniqueName8 = MvcDemo.sln
		SccProjectName8 = ../CMSSolution/Helpers
		SccLocalPath8 = ..\\CMSSolution\\Helpers
		SccProjectUniqueName9 = ..\\CMSSolution\\ImportExport\\ImportExport.csproj
		SccProjectTopLevelParentUniqueName9 = MvcDemo.sln
		SccProjectName9 = ../CMSSolution/ImportExport
		SccLocalPath9 = ..\\CMSSolution\\ImportExport
		SccProjectUniqueName10 = ..\\CMSSolution\\IO\\IO.csproj
		SccProjectTopLevelParentUniqueName10 = MvcDemo.sln
		SccProjectName10 = ../CMSSolution/IO
		SccLocalPath10 = ..\\CMSSolution\\IO
		SccProjectUniqueName11 = ..\\CMSSolution\\LicenseProvider\\LicenseProvider.csproj
		SccProjectTopLevelParentUniqueName11 = MvcDemo.sln
		SccProjectName11 = ../CMSSolution/LicenseProvider
		SccLocalPath11 = ..\\CMSSolution\\LicenseProvider
		SccProjectUniqueName12 = ..\\CMSSolution\\MacroEngine\\MacroEngine.csproj
		SccProjectTopLevelParentUniqueName12 = MvcDemo.sln
		SccProjectName12 = ../CMSSolution/MacroEngine
		SccLocalPath12 = ..\\CMSSolution\\MacroEngine
		SccProjectUniqueName13 = ..\\CMSSolution\\Membership\\Membership.csproj
		SccProjectTopLevelParentUniqueName13 = MvcDemo.sln
		SccProjectName13 = ../CMSSolution/Membership
		SccLocalPath13 = ..\\CMSSolution\\Membership
		SccProjectUniqueName14 = ..\\CMSSolution\\PortalEngine\\PortalEngine.csproj
		SccProjectTopLevelParentUniqueName14 = MvcDemo.sln
		SccProjectName14 = ../CMSSolution/PortalEngine
		SccLocalPath14 = ..\\CMSSolution\\PortalEngine
		SccProjectUniqueName15 = ..\\CMSSolution\\Relationships\\Relationships.csproj
		SccProjectTopLevelParentUniqueName15 = MvcDemo.sln
		SccProjectName15 = ../CMSSolution/Relationships
		SccLocalPath15 = ..\\CMSSolution\\Relationships
		SccProjectUniqueName16 = ..\\CMSSolution\\Localization\\Localization.csproj
		SccProjectTopLevelParentUniqueName16 = MvcDemo.sln
		SccProjectName16 = ../CMSSolution/Localization
		SccLocalPath16 = ..\\CMSSolution\\Localization
		SccProjectUniqueName17 = ..\\CMSSolution\\Scheduler\\Scheduler.csproj
		SccProjectTopLevelParentUniqueName17 = MvcDemo.sln
		SccProjectName17 = ../CMSSolution/Scheduler
		SccLocalPath17 = ..\\CMSSolution\\Scheduler
		SccProjectUniqueName18 = ..\\CMSSolution\\SiteProvider\\SiteProvider.csproj
		SccProjectTopLevelParentUniqueName18 = MvcDemo.sln
		SccProjectName18 = ../CMSSolution/SiteProvider
		SccLocalPath18 = ..\\CMSSolution\\SiteProvider
		SccProjectUniqueName19 = ..\\CMSSolution\\Search\\Search.csproj
		SccProjectTopLevelParentUniqueName19 = MvcDemo.sln
		SccProjectName19 = ../CMSSolution/Search
		SccLocalPath19 = ..\\CMSSolution\\Search
		SccProjectUniqueName20 = ..\\CMSSolution\\Taxonomy\\Taxonomy.csproj
		SccProjectTopLevelParentUniqueName20 = MvcDemo.sln
		SccProjectName20 = ../CMSSolution/Taxonomy
		SccLocalPath20 = ..\\CMSSolution\\Taxonomy
		SccProjectUniqueName21 = ..\\CMSSolution\\WebFarmSync\\WebFarmSync.csproj
		SccProjectTopLevelParentUniqueName21 = MvcDemo.sln
		SccProjectName21 = ../CMSSolution/WebFarmSync
		SccLocalPath21 = ..\\CMSSolution\\WebFarmSync
		SccProjectUniqueName22 = ..\\CMSSolution\\WorkflowEngine\\WorkflowEngine.csproj
		SccProjectTopLevelParentUniqueName22 = MvcDemo.sln
		SccProjectName22 = ../CMSSolution/WorkflowEngine
		SccLocalPath22 = ..\\CMSSolution\\WorkflowEngine
		SccProjectUniqueName23 = ..\\CMSSolution\\Modules\\Modules.csproj
		SccProjectTopLevelParentUniqueName23 = MvcDemo.sln
		SccProjectName23 = ../CMSSolution/Modules
		SccLocalPath23 = ..\\CMSSolution\\Modules
		SccProjectUniqueName24 = ..\\CMSSolution\\EmailEngine\\EmailEngine.csproj
		SccProjectTopLevelParentUniqueName24 = MvcDemo.sln
		SccProjectName24 = ../CMSSolution/EmailEngine
		SccLocalPath24 = ..\\CMSSolution\\EmailEngine
		SccProjectUniqueName25 = ..\\CMSSolution\\HealthMonitoring\\HealthMonitoring.csproj
		SccProjectTopLevelParentUniqueName25 = MvcDemo.sln
		SccProjectName25 = ../CMSSolution/HealthMonitoring
		SccLocalPath25 = ..\\CMSSolution\\HealthMonitoring
		SccProjectUniqueName26 = ..\\CMSSolution\\Globalization\\Globalization.csproj
		SccProjectTopLevelParentUniqueName26 = MvcDemo.sln
		SccProjectName26 = ../CMSSolution/Globalization
		SccLocalPath26 = ..\\CMSSolution\\Globalization
		SccProjectUniqueName27 = ..\\CMSSolution\\Protection\\Protection.csproj
		SccProjectTopLevelParentUniqueName27 = MvcDemo.sln
		SccProjectName27 = ../CMSSolution/Protection
		SccLocalPath27 = ..\\CMSSolution\\Protection
		SccProjectUniqueName28 = ..\\CMSSolution\\FiftyOne\\FiftyOne.csproj
		SccProjectTopLevelParentUniqueName28 = MvcDemo.sln
		SccProjectName28 = ../CMSSolution/FiftyOne
		SccLocalPath28 = ..\\CMSSolution\\FiftyOne
		SccProjectUniqueName29 = ..\\CMSSolution\\DataProviderSQL\\DataProviderSQL.csproj
		SccProjectTopLevelParentUniqueName29 = MvcDemo.sln
		SccProjectName29 = ../CMSSolution/DataProviderSQL
		SccLocalPath29 = ..\\CMSSolution\\DataProviderSQL
		SccProjectUniqueName30 = ..\\CMSSolution\\FileSystemStorage\\FileSystemStorage.csproj
		SccProjectTopLevelParentUniqueName30 = MvcDemo.sln
		SccProjectName30 = ../CMSSolution/FileSystemStorage
		SccLocalPath30 = ..\\CMSSolution\\FileSystemStorage
		SccProjectUniqueName31 = MvcDemo.Web\\MvcDemo.Web.csproj
		SccProjectName31 = MvcDemo.Web
		SccLocalPath31 = MvcDemo.Web
		SccProjectUniqueName32 = ..\\CMSSolution\\OnlineForms\\OnlineForms.csproj
		SccProjectTopLevelParentUniqueName32 = MvcDemo.sln
		SccProjectName32 = ../CMSSolution/OnlineForms
		SccLocalPath32 = ..\\CMSSolution\\OnlineForms
		SccProjectUniqueName33 = ..\\CMSSolution\\Newsletters\\Newsletters.csproj
		SccProjectTopLevelParentUniqueName33 = MvcDemo.sln
		SccProjectName33 = ../CMSSolution/Newsletters
		SccLocalPath33 = ..\\CMSSolution\\Newsletters
		SccProjectUniqueName34 = ..\\CMSSolution\\ExtendedControls\\ExtendedControls.csproj
		SccProjectTopLevelParentUniqueName34 = MvcDemo.sln
		SccProjectName34 = ../CMSSolution/ExtendedControls
		SccLocalPath34 = ..\\CMSSolution\\ExtendedControls
		SccProjectUniqueName35 = ..\\CMSSolution\\Automation\\Automation.csproj
		SccProjectTopLevelParentUniqueName35 = MvcDemo.sln
		SccProjectName35 = ../CMSSolution/Automation
		SccLocalPath35 = ..\\CMSSolution\\Automation
		SccProjectUniqueName36 = ..\\CMSSolution\\WebAnalytics\\WebAnalytics.csproj
		SccProjectTopLevelParentUniqueName36 = MvcDemo.sln
		SccProjectName36 = ../CMSSolution/WebAnalytics
		SccLocalPath36 = ..\\CMSSolution\\WebAnalytics
		SccProjectUniqueName37 = ..\\CMSSolution\\FormControls\\FormControls.csproj
		SccProjectTopLevelParentUniqueName37 = MvcDemo.sln
		SccProjectName37 = ../CMSSolution/FormControls
		SccLocalPath37 = ..\\CMSSolution\\FormControls
		SccProjectUniqueName38 = ..\\CMSSolution\\Search.Lucene3\\Search.Lucene3.csproj
		SccProjectTopLevelParentUniqueName38 = MvcDemo.sln
		SccProjectName38 = ../CMSSolution/Search.Lucene3
		SccLocalPath38 = ..\\CMSSolution\\Search.Lucene3
		SccProjectUniqueName39 = ..\\CMSSolution\\Lucene.NET3\\core\\Lucene.Net.v3.csproj
		SccProjectTopLevelParentUniqueName39 = MvcDemo.sln
		SccProjectName39 = ../CMSSolution/Lucene.NET3/core
		SccLocalPath39 = ..\\CMSSolution\\Lucene.NET3\\core
		SccProjectUniqueName40 = ..\\CMSSolution\\Lucene.NET3\\contrib\\WordNet\\SynExpand\\Contrib.WordNet.SynExpand.csproj
		SccProjectTopLevelParentUniqueName40 = MvcDemo.sln
		SccProjectName40 = ../CMSSolution/Lucene.NET3/contrib/WordNet/SynExpand
		SccLocalPath40 = ..\\CMSSolution\\Lucene.NET3\\contrib\\WordNet\\SynExpand
	EndGlobalSection
	GlobalSection(SolutionConfigurationPlatforms) = preSolution
		Debug|Any CPU = Debug|Any CPU
		Debug35|Any CPU = Debug35|Any CPU
		Release|Any CPU = Release|Any CPU
		Release35|Any CPU = Release35|Any CPU
	EndGlobalSection
	GlobalSection(ProjectConfigurationPlatforms) = postSolution
		{AB4B1AB1-1552-494E-B0CC-306E12C8B8D9}.Debug|Any CPU.ActiveCfg = Debug|Any CPU
		{AB4B1AB1-1552-494E-B0CC-306E12C8B8D9}.Debug|Any CPU.Build.0 = Debug|Any CPU
		{AB4B1AB1-1552-494E-B0CC-306E12C8B8D9}.Debug35|Any CPU.ActiveCfg = Debug|Any CPU
		{AB4B1AB1-1552-494E-B0CC-306E12C8B8D9}.Debug35|Any CPU.Build.0 = Debug|Any CPU
		{AB4B1AB1-1552-494E-B0CC-306E12C8B8D9}.Release|Any CPU.ActiveCfg = Release|Any CPU
		{AB4B1AB1-1552-494E-B0CC-306E12C8B8D9}.Release|Any CPU.Build.0 = Release|Any CPU
		{AB4B1AB1-1552-494E-B0CC-306E12C8B8D9}.Release35|Any CPU.ActiveCfg = Release|Any CPU
		{AB4B1AB1-1552-494E-B0CC-306E12C8B8D9}.Release35|Any CPU.Build.0 = Release|Any CPU
		{71755C13-7B45-48EA-8425-CBAD44133A02}.Debug|Any CPU.ActiveCfg = Debug|Any CPU
		{71755C13-7B45-48EA-8425-CBAD44133A02}.Debug|Any CPU.Build.0 = Debug|Any CPU
		{71755C13-7B45-48EA-8425-CBAD44133A02}.Debug35|Any CPU.ActiveCfg = Debug|Any CPU
		{71755C13-7B45-48EA-8425-CBAD44133A02}.Debug35|Any CPU.Build.0 = Debug|Any CPU
		{71755C13-7B45-48EA-8425-CBAD44133A02}.Release|Any CPU.ActiveCfg = Release|Any CPU
		{71755C13-7B45-48EA-8425-CBAD44133A02}.Release|Any CPU.Build.0 = Release|Any CPU
		{71755C13-7B45-48EA-8425-CBAD44133A02}.Release35|Any CPU.ActiveCfg = Release|Any CPU
		{71755C13-7B45-48EA-8425-CBAD44133A02}.Release35|Any CPU.Build.0 = Release|Any CPU
		{25431232-C0B1-4AEF-890F-B92DA6DF2BED}.Debug|Any CPU.ActiveCfg = Debug|Any CPU
		{25431232-C0B1-4AEF-890F-B92DA6DF2BED}.Debug|Any CPU.Build.0 = Debug|Any CPU
		{25431232-C0B1-4AEF-890F-B92DA6DF2BED}.Debug35|Any CPU.ActiveCfg = Debug|Any CPU
		{25431232-C0B1-4AEF-890F-B92DA6DF2BED}.Debug35|Any CPU.Build.0 = Debug|Any CPU
		{25431232-C0B1-4AEF-890F-B92DA6DF2BED}.Release|Any CPU.ActiveCfg = Release|Any CPU
		{25431232-C0B1-4AEF-890F-B92DA6DF2BED}.Release|Any CPU.Build.0 = Release|Any CPU
		{25431232-C0B1-4AEF-890F-B92DA6DF2BED}.Release35|Any CPU.ActiveCfg = Release|Any CPU
		{25431232-C0B1-4AEF-890F-B92DA6DF2BED}.Release35|Any CPU.Build.0 = Release|Any CPU
		{CA36A1E6-9385-46AA-A10E-97699E293363}.Debug|Any CPU.ActiveCfg = Debug|Any CPU
		{CA36A1E6-9385-46AA-A10E-97699E293363}.Debug|Any CPU.Build.0 = Debug|Any CPU
		{CA36A1E6-9385-46AA-A10E-97699E293363}.Debug35|Any CPU.ActiveCfg = Debug|Any CPU
		{CA36A1E6-9385-46AA-A10E-97699E293363}.Debug35|Any CPU.Build.0 = Debug|Any CPU
		{CA36A1E6-9385-46AA-A10E-97699E293363}.Release|Any CPU.ActiveCfg = Release|Any CPU
		{CA36A1E6-9385-46AA-A10E-97699E293363}.Release|Any CPU.Build.0 = Release|Any CPU
		{CA36A1E6-9385-46AA-A10E-97699E293363}.Release35|Any CPU.ActiveCfg = Release|Any CPU
		{CA36A1E6-9385-46AA-A10E-97699E293363}.Release35|Any CPU.Build.0 = Release|Any CPU
		{781F46EB-593F-484B-A1DA-C59B1E13B59D}.Debug|Any CPU.ActiveCfg = Debug|Any CPU
		{781F46EB-593F-484B-A1DA-C59B1E13B59D}.Debug|Any CPU.Build.0 = Debug|Any CPU
		{781F46EB-593F-484B-A1DA-C59B1E13B59D}.Debug35|Any CPU.ActiveCfg = Debug|Any CPU
		{781F46EB-593F-484B-A1DA-C59B1E13B59D}.Debug35|Any CPU.Build.0 = Debug|Any CPU
		{781F46EB-593F-484B-A1DA-C59B1E13B59D}.Release|Any CPU.ActiveCfg = Release|Any CPU
		{781F46EB-593F-484B-A1DA-C59B1E13B59D}.Release|Any CPU.Build.0 = Release|Any CPU
		{781F46EB-593F-484B-A1DA-C59B1E13B59D}.Release35|Any CPU.ActiveCfg = Release|Any CPU
		{781F46EB-593F-484B-A1DA-C59B1E13B59D}.Release35|Any CPU.Build.0 = Release|Any CPU
		{A7A2ECD2-8C5C-4C95-9EFE-82D605FDB28C}.Debug|Any CPU.ActiveCfg = Debug|Any CPU
		{A7A2ECD2-8C5C-4C95-9EFE-82D605FDB28C}.Debug|Any CPU.Build.0 = Debug|Any CPU
		{A7A2ECD2-8C5C-4C95-9EFE-82D605FDB28C}.Debug35|Any CPU.ActiveCfg = Debug|Any CPU
		{A7A2ECD2-8C5C-4C95-9EFE-82D605FDB28C}.Debug35|Any CPU.Build.0 = Debug|Any CPU
		{A7A2ECD2-8C5C-4C95-9EFE-82D605FDB28C}.Release|Any CPU.ActiveCfg = Release|Any CPU
		{A7A2ECD2-8C5C-4C95-9EFE-82D605FDB28C}.Release|Any CPU.Build.0 = Release|Any CPU
		{A7A2ECD2-8C5C-4C95-9EFE-82D605FDB28C}.Release35|Any CPU.ActiveCfg = Release|Any CPU
		{A7A2ECD2-8C5C-4C95-9EFE-82D605FDB28C}.Release35|Any CPU.Build.0 = Release|Any CPU
		{7F74D14A-C101-457E-94B0-1DF57A619C84}.Debug|Any CPU.ActiveCfg = Debug|Any CPU
		{7F74D14A-C101-457E-94B0-1DF57A619C84}.Debug|Any CPU.Build.0 = Debug|Any CPU
		{7F74D14A-C101-457E-94B0-1DF57A619C84}.Debug35|Any CPU.ActiveCfg = Debug|Any CPU
		{7F74D14A-C101-457E-94B0-1DF57A619C84}.Debug35|Any CPU.Build.0 = Debug|Any CPU
		{7F74D14A-C101-457E-94B0-1DF57A619C84}.Release|Any CPU.ActiveCfg = Release|Any CPU
		{7F74D14A-C101-457E-94B0-1DF57A619C84}.Release|Any CPU.Build.0 = Release|Any CPU
		{7F74D14A-C101-457E-94B0-1DF57A619C84}.Release35|Any CPU.ActiveCfg = Release|Any CPU
		{7F74D14A-C101-457E-94B0-1DF57A619C84}.Release35|Any CPU.Build.0 = Release|Any CPU
		{1169AD9D-510C-4196-9A44-BC1BCB957DFB}.Debug|Any CPU.ActiveCfg = Debug|Any CPU
		{1169AD9D-510C-4196-9A44-BC1BCB957DFB}.Debug|Any CPU.Build.0 = Debug|Any CPU
		{1169AD9D-510C-4196-9A44-BC1BCB957DFB}.Debug35|Any CPU.ActiveCfg = Debug|Any CPU
		{1169AD9D-510C-4196-9A44-BC1BCB957DFB}.Debug35|Any CPU.Build.0 = Debug|Any CPU
		{1169AD9D-510C-4196-9A44-BC1BCB957DFB}.Release|Any CPU.ActiveCfg = Release|Any CPU
		{1169AD9D-510C-4196-9A44-BC1BCB957DFB}.Release|Any CPU.Build.0 = Release|Any CPU
		{1169AD9D-510C-4196-9A44-BC1BCB957DFB}.Release35|Any CPU.ActiveCfg = Release|Any CPU
		{1169AD9D-510C-4196-9A44-BC1BCB957DFB}.Release35|Any CPU.Build.0 = Release|Any CPU
		{AE25CC54-D7AB-4EFE-8A85-6BE0B336BE59}.Debug|Any CPU.ActiveCfg = Debug|Any CPU
		{AE25CC54-D7AB-4EFE-8A85-6BE0B336BE59}.Debug|Any CPU.Build.0 = Debug|Any CPU
		{AE25CC54-D7AB-4EFE-8A85-6BE0B336BE59}.Debug35|Any CPU.ActiveCfg = Debug|Any CPU
		{AE25CC54-D7AB-4EFE-8A85-6BE0B336BE59}.Debug35|Any CPU.Build.0 = Debug|Any CPU
		{AE25CC54-D7AB-4EFE-8A85-6BE0B336BE59}.Release|Any CPU.ActiveCfg = Release|Any CPU
		{AE25CC54-D7AB-4EFE-8A85-6BE0B336BE59}.Release|Any CPU.Build.0 = Release|Any CPU
		{AE25CC54-D7AB-4EFE-8A85-6BE0B336BE59}.Release35|Any CPU.ActiveCfg = Release|Any CPU
		{AE25CC54-D7AB-4EFE-8A85-6BE0B336BE59}.Release35|Any CPU.Build.0 = Release|Any CPU
		{728524DF-119D-4D51-898A-BDFEBB2A56BD}.Debug|Any CPU.ActiveCfg = Debug|Any CPU
		{728524DF-119D-4D51-898A-BDFEBB2A56BD}.Debug|Any CPU.Build.0 = Debug|Any CPU
		{728524DF-119D-4D51-898A-BDFEBB2A56BD}.Debug35|Any CPU.ActiveCfg = Debug|Any CPU
		{728524DF-119D-4D51-898A-BDFEBB2A56BD}.Debug35|Any CPU.Build.0 = Debug|Any CPU
		{728524DF-119D-4D51-898A-BDFEBB2A56BD}.Release|Any CPU.ActiveCfg = Release|Any CPU
		{728524DF-119D-4D51-898A-BDFEBB2A56BD}.Release|Any CPU.Build.0 = Release|Any CPU
		{728524DF-119D-4D51-898A-BDFEBB2A56BD}.Release35|Any CPU.ActiveCfg = Release|Any CPU
		{728524DF-119D-4D51-898A-BDFEBB2A56BD}.Release35|Any CPU.Build.0 = Release|Any CPU
		{DBCB4EA1-3129-4D2E-A653-DC948A34E0C2}.Debug|Any CPU.ActiveCfg = Debug|Any CPU
		{DBCB4EA1-3129-4D2E-A653-DC948A34E0C2}.Debug|Any CPU.Build.0 = Debug|Any CPU
		{DBCB4EA1-3129-4D2E-A653-DC948A34E0C2}.Debug35|Any CPU.ActiveCfg = Debug|Any CPU
		{DBCB4EA1-3129-4D2E-A653-DC948A34E0C2}.Debug35|Any CPU.Build.0 = Debug|Any CPU
		{DBCB4EA1-3129-4D2E-A653-DC948A34E0C2}.Release|Any CPU.ActiveCfg = Release|Any CPU
		{DBCB4EA1-3129-4D2E-A653-DC948A34E0C2}.Release|Any CPU.Build.0 = Release|Any CPU
		{DBCB4EA1-3129-4D2E-A653-DC948A34E0C2}.Release35|Any CPU.ActiveCfg = Release|Any CPU
		{DBCB4EA1-3129-4D2E-A653-DC948A34E0C2}.Release35|Any CPU.Build.0 = Release|Any CPU
		{0C4D9649-03DF-4F4D-8ABB-0FC2B86A8FE4}.Debug|Any CPU.ActiveCfg = Debug|Any CPU
		{0C4D9649-03DF-4F4D-8ABB-0FC2B86A8FE4}.Debug|Any CPU.Build.0 = Debug|Any CPU
		{0C4D9649-03DF-4F4D-8ABB-0FC2B86A8FE4}.Debug35|Any CPU.ActiveCfg = Debug|Any CPU
		{0C4D9649-03DF-4F4D-8ABB-0FC2B86A8FE4}.Debug35|Any CPU.Build.0 = Debug|Any CPU
		{0C4D9649-03DF-4F4D-8ABB-0FC2B86A8FE4}.Release|Any CPU.ActiveCfg = Release|Any CPU
		{0C4D9649-03DF-4F4D-8ABB-0FC2B86A8FE4}.Release|Any CPU.Build.0 = Release|Any CPU
		{0C4D9649-03DF-4F4D-8ABB-0FC2B86A8FE4}.Release35|Any CPU.ActiveCfg = Release|Any CPU
		{0C4D9649-03DF-4F4D-8ABB-0FC2B86A8FE4}.Release35|Any CPU.Build.0 = Release|Any CPU
		{C78D0DDE-11B5-4BBA-98C0-756EBB98228A}.Debug|Any CPU.ActiveCfg = Debug|Any CPU
		{C78D0DDE-11B5-4BBA-98C0-756EBB98228A}.Debug|Any CPU.Build.0 = Debug|Any CPU
		{C78D0DDE-11B5-4BBA-98C0-756EBB98228A}.Debug35|Any CPU.ActiveCfg = Debug|Any CPU
		{C78D0DDE-11B5-4BBA-98C0-756EBB98228A}.Debug35|Any CPU.Build.0 = Debug|Any CPU
		{C78D0DDE-11B5-4BBA-98C0-756EBB98228A}.Release|Any CPU.ActiveCfg = Release|Any CPU
		{C78D0DDE-11B5-4BBA-98C0-756EBB98228A}.Release|Any CPU.Build.0 = Release|Any CPU
		{C78D0DDE-11B5-4BBA-98C0-756EBB98228A}.Release35|Any CPU.ActiveCfg = Release|Any CPU
		{C78D0DDE-11B5-4BBA-98C0-756EBB98228A}.Release35|Any CPU.Build.0 = Release|Any CPU
		{D8BC8F2E-B5CB-472B-A894-3900A96FF456}.Debug|Any CPU.ActiveCfg = Debug|Any CPU
		{D8BC8F2E-B5CB-472B-A894-3900A96FF456}.Debug|Any CPU.Build.0 = Debug|Any CPU
		{D8BC8F2E-B5CB-472B-A894-3900A96FF456}.Debug35|Any CPU.ActiveCfg = Debug|Any CPU
		{D8BC8F2E-B5CB-472B-A894-3900A96FF456}.Debug35|Any CPU.Build.0 = Debug|Any CPU
		{D8BC8F2E-B5CB-472B-A894-3900A96FF456}.Release|Any CPU.ActiveCfg = Release|Any CPU
		{D8BC8F2E-B5CB-472B-A894-3900A96FF456}.Release|Any CPU.Build.0 = Release|Any CPU
		{D8BC8F2E-B5CB-472B-A894-3900A96FF456}.Release35|Any CPU.ActiveCfg = Release|Any CPU
		{D8BC8F2E-B5CB-472B-A894-3900A96FF456}.Release35|Any CPU.Build.0 = Release|Any CPU
		{3C35F9B3-FA34-4910-BDF6-BFDB27A2CB99}.Debug|Any CPU.ActiveCfg = Debug|Any CPU
		{3C35F9B3-FA34-4910-BDF6-BFDB27A2CB99}.Debug|Any CPU.Build.0 = Debug|Any CPU
		{3C35F9B3-FA34-4910-BDF6-BFDB27A2CB99}.Debug35|Any CPU.ActiveCfg = Debug|Any CPU
		{3C35F9B3-FA34-4910-BDF6-BFDB27A2CB99}.Debug35|Any CPU.Build.0 = Debug|Any CPU
		{3C35F9B3-FA34-4910-BDF6-BFDB27A2CB99}.Release|Any CPU.ActiveCfg = Release|Any CPU
		{3C35F9B3-FA34-4910-BDF6-BFDB27A2CB99}.Release|Any CPU.Build.0 = Release|Any CPU
		{3C35F9B3-FA34-4910-BDF6-BFDB27A2CB99}.Release35|Any CPU.ActiveCfg = Release|Any CPU
		{3C35F9B3-FA34-4910-BDF6-BFDB27A2CB99}.Release35|Any CPU.Build.0 = Release|Any CPU
		{3868FB15-D7E8-4404-96E3-EDD5C0CEB670}.Debug|Any CPU.ActiveCfg = Debug|Any CPU
		{3868FB15-D7E8-4404-96E3-EDD5C0CEB670}.Debug|Any CPU.Build.0 = Debug|Any CPU
		{3868FB15-D7E8-4404-96E3-EDD5C0CEB670}.Debug35|Any CPU.ActiveCfg = Debug|Any CPU
		{3868FB15-D7E8-4404-96E3-EDD5C0CEB670}.Debug35|Any CPU.Build.0 = Debug|Any CPU
		{3868FB15-D7E8-4404-96E3-EDD5C0CEB670}.Release|Any CPU.ActiveCfg = Release|Any CPU
		{3868FB15-D7E8-4404-96E3-EDD5C0CEB670}.Release|Any CPU.Build.0 = Release|Any CPU
		{3868FB15-D7E8-4404-96E3-EDD5C0CEB670}.Release35|Any CPU.ActiveCfg = Release|Any CPU
		{3868FB15-D7E8-4404-96E3-EDD5C0CEB670}.Release35|Any CPU.Build.0 = Release|Any CPU
		{8003C67F-4B92-47BC-9117-CEA7429F929E}.Debug|Any CPU.ActiveCfg = Debug|Any CPU
		{8003C67F-4B92-47BC-9117-CEA7429F929E}.Debug|Any CPU.Build.0 = Debug|Any CPU
		{8003C67F-4B92-47BC-9117-CEA7429F929E}.Debug35|Any CPU.ActiveCfg = Debug|Any CPU
		{8003C67F-4B92-47BC-9117-CEA7429F929E}.Debug35|Any CPU.Build.0 = Debug|Any CPU
		{8003C67F-4B92-47BC-9117-CEA7429F929E}.Release|Any CPU.ActiveCfg = Release|Any CPU
		{8003C67F-4B92-47BC-9117-CEA7429F929E}.Release|Any CPU.Build.0 = Release|Any CPU
		{8003C67F-4B92-47BC-9117-CEA7429F929E}.Release35|Any CPU.ActiveCfg = Release|Any CPU
		{8003C67F-4B92-47BC-9117-CEA7429F929E}.Release35|Any CPU.Build.0 = Release|Any CPU
		{F21C925B-3AA1-4139-9706-BA5073527A8F}.Debug|Any CPU.ActiveCfg = Debug|Any CPU
		{F21C925B-3AA1-4139-9706-BA5073527A8F}.Debug|Any CPU.Build.0 = Debug|Any CPU
		{F21C925B-3AA1-4139-9706-BA5073527A8F}.Debug35|Any CPU.ActiveCfg = Debug|Any CPU
		{F21C925B-3AA1-4139-9706-BA5073527A8F}.Debug35|Any CPU.Build.0 = Debug|Any CPU
		{F21C925B-3AA1-4139-9706-BA5073527A8F}.Release|Any CPU.ActiveCfg = Release|Any CPU
		{F21C925B-3AA1-4139-9706-BA5073527A8F}.Release|Any CPU.Build.0 = Release|Any CPU
		{F21C925B-3AA1-4139-9706-BA5073527A8F}.Release35|Any CPU.ActiveCfg = Release|Any CPU
		{F21C925B-3AA1-4139-9706-BA5073527A8F}.Release35|Any CPU.Build.0 = Release|Any CPU
		{03F631A2-1728-411F-851B-58B33200B7EA}.Debug|Any CPU.ActiveCfg = Debug|Any CPU
		{03F631A2-1728-411F-851B-58B33200B7EA}.Debug|Any CPU.Build.0 = Debug|Any CPU
		{03F631A2-1728-411F-851B-58B33200B7EA}.Debug35|Any CPU.ActiveCfg = Debug|Any CPU
		{03F631A2-1728-411F-851B-58B33200B7EA}.Debug35|Any CPU.Build.0 = Debug|Any CPU
		{03F631A2-1728-411F-851B-58B33200B7EA}.Release|Any CPU.ActiveCfg = Release|Any CPU
		{03F631A2-1728-411F-851B-58B33200B7EA}.Release|Any CPU.Build.0 = Release|Any CPU
		{03F631A2-1728-411F-851B-58B33200B7EA}.Release35|Any CPU.ActiveCfg = Release|Any CPU
		{03F631A2-1728-411F-851B-58B33200B7EA}.Release35|Any CPU.Build.0 = Release|Any CPU
		{1F2EE2A3-4D9C-4C9B-96CC-4414656301F2}.Debug|Any CPU.ActiveCfg = Debug|Any CPU
		{1F2EE2A3-4D9C-4C9B-96CC-4414656301F2}.Debug|Any CPU.Build.0 = Debug|Any CPU
		{1F2EE2A3-4D9C-4C9B-96CC-4414656301F2}.Debug35|Any CPU.ActiveCfg = Debug|Any CPU
		{1F2EE2A3-4D9C-4C9B-96CC-4414656301F2}.Debug35|Any CPU.Build.0 = Debug|Any CPU
		{1F2EE2A3-4D9C-4C9B-96CC-4414656301F2}.Release|Any CPU.ActiveCfg = Release|Any CPU
		{1F2EE2A3-4D9C-4C9B-96CC-4414656301F2}.Release|Any CPU.Build.0 = Release|Any CPU
		{1F2EE2A3-4D9C-4C9B-96CC-4414656301F2}.Release35|Any CPU.ActiveCfg = Release|Any CPU
		{1F2EE2A3-4D9C-4C9B-96CC-4414656301F2}.Release35|Any CPU.Build.0 = Release|Any CPU
		{D9A44465-6411-4BD5-9939-25F571DEAC4E}.Debug|Any CPU.ActiveCfg = Debug|Any CPU
		{D9A44465-6411-4BD5-9939-25F571DEAC4E}.Debug|Any CPU.Build.0 = Debug|Any CPU
		{D9A44465-6411-4BD5-9939-25F571DEAC4E}.Debug35|Any CPU.ActiveCfg = Debug|Any CPU
		{D9A44465-6411-4BD5-9939-25F571DEAC4E}.Debug35|Any CPU.Build.0 = Debug|Any CPU
		{D9A44465-6411-4BD5-9939-25F571DEAC4E}.Release|Any CPU.ActiveCfg = Release|Any CPU
		{D9A44465-6411-4BD5-9939-25F571DEAC4E}.Release|Any CPU.Build.0 = Release|Any CPU
		{D9A44465-6411-4BD5-9939-25F571DEAC4E}.Release35|Any CPU.ActiveCfg = Release|Any CPU
		{D9A44465-6411-4BD5-9939-25F571DEAC4E}.Release35|Any CPU.Build.0 = Release|Any CPU
		{B428927B-B248-4428-BA1C-38FC6C2D8BCD}.Debug|Any CPU.ActiveCfg = Debug|Any CPU
		{B428927B-B248-4428-BA1C-38FC6C2D8BCD}.Debug|Any CPU.Build.0 = Debug|Any CPU
		{B428927B-B248-4428-BA1C-38FC6C2D8BCD}.Debug35|Any CPU.ActiveCfg = Debug|Any CPU
		{B428927B-B248-4428-BA1C-38FC6C2D8BCD}.Debug35|Any CPU.Build.0 = Debug|Any CPU
		{B428927B-B248-4428-BA1C-38FC6C2D8BCD}.Release|Any CPU.ActiveCfg = Release|Any CPU
		{B428927B-B248-4428-BA1C-38FC6C2D8BCD}.Release|Any CPU.Build.0 = Release|Any CPU
		{B428927B-B248-4428-BA1C-38FC6C2D8BCD}.Release35|Any CPU.ActiveCfg = Release|Any CPU
		{B428927B-B248-4428-BA1C-38FC6C2D8BCD}.Release35|Any CPU.Build.0 = Release|Any CPU
		{35808876-2219-4DB5-9F3E-C683EDB20BCA}.Debug|Any CPU.ActiveCfg = Debug|Any CPU
		{35808876-2219-4DB5-9F3E-C683EDB20BCA}.Debug|Any CPU.Build.0 = Debug|Any CPU
		{35808876-2219-4DB5-9F3E-C683EDB20BCA}.Debug35|Any CPU.ActiveCfg = Debug|Any CPU
		{35808876-2219-4DB5-9F3E-C683EDB20BCA}.Debug35|Any CPU.Build.0 = Debug|Any CPU
		{35808876-2219-4DB5-9F3E-C683EDB20BCA}.Release|Any CPU.ActiveCfg = Release|Any CPU
		{35808876-2219-4DB5-9F3E-C683EDB20BCA}.Release|Any CPU.Build.0 = Release|Any CPU
		{35808876-2219-4DB5-9F3E-C683EDB20BCA}.Release35|Any CPU.ActiveCfg = Release|Any CPU
		{35808876-2219-4DB5-9F3E-C683EDB20BCA}.Release35|Any CPU.Build.0 = Release|Any CPU
		{6BDC71F9-7A04-45DA-8821-1246EC51E3CE}.Debug|Any CPU.ActiveCfg = Debug|Any CPU
		{6BDC71F9-7A04-45DA-8821-1246EC51E3CE}.Debug|Any CPU.Build.0 = Debug|Any CPU
		{6BDC71F9-7A04-45DA-8821-1246EC51E3CE}.Debug35|Any CPU.ActiveCfg = Debug|Any CPU
		{6BDC71F9-7A04-45DA-8821-1246EC51E3CE}.Debug35|Any CPU.Build.0 = Debug|Any CPU
		{6BDC71F9-7A04-45DA-8821-1246EC51E3CE}.Release|Any CPU.ActiveCfg = Release|Any CPU
		{6BDC71F9-7A04-45DA-8821-1246EC51E3CE}.Release|Any CPU.Build.0 = Release|Any CPU
		{6BDC71F9-7A04-45DA-8821-1246EC51E3CE}.Release35|Any CPU.ActiveCfg = Release|Any CPU
		{6BDC71F9-7A04-45DA-8821-1246EC51E3CE}.Release35|Any CPU.Build.0 = Release|Any CPU
		{F4E4C255-DD0D-4AB8-985B-B20B36E5B6EE}.Debug|Any CPU.ActiveCfg = Debug|Any CPU
		{F4E4C255-DD0D-4AB8-985B-B20B36E5B6EE}.Debug|Any CPU.Build.0 = Debug|Any CPU
		{F4E4C255-DD0D-4AB8-985B-B20B36E5B6EE}.Debug35|Any CPU.ActiveCfg = Debug|Any CPU
		{F4E4C255-DD0D-4AB8-985B-B20B36E5B6EE}.Debug35|Any CPU.Build.0 = Debug|Any CPU
		{F4E4C255-DD0D-4AB8-985B-B20B36E5B6EE}.Release|Any CPU.ActiveCfg = Release|Any CPU
		{F4E4C255-DD0D-4AB8-985B-B20B36E5B6EE}.Release|Any CPU.Build.0 = Release|Any CPU
		{F4E4C255-DD0D-4AB8-985B-B20B36E5B6EE}.Release35|Any CPU.ActiveCfg = Release|Any CPU
		{F4E4C255-DD0D-4AB8-985B-B20B36E5B6EE}.Release35|Any CPU.Build.0 = Release|Any CPU
		{81E6F73E-5CA4-4FC0-9FC0-A508AFAEE05D}.Debug|Any CPU.ActiveCfg = Debug|Any CPU
		{81E6F73E-5CA4-4FC0-9FC0-A508AFAEE05D}.Debug|Any CPU.Build.0 = Debug|Any CPU
		{81E6F73E-5CA4-4FC0-9FC0-A508AFAEE05D}.Debug35|Any CPU.ActiveCfg = Debug|Any CPU
		{81E6F73E-5CA4-4FC0-9FC0-A508AFAEE05D}.Debug35|Any CPU.Build.0 = Debug|Any CPU
		{81E6F73E-5CA4-4FC0-9FC0-A508AFAEE05D}.Release|Any CPU.ActiveCfg = Release|Any CPU
		{81E6F73E-5CA4-4FC0-9FC0-A508AFAEE05D}.Release|Any CPU.Build.0 = Release|Any CPU
		{81E6F73E-5CA4-4FC0-9FC0-A508AFAEE05D}.Release35|Any CPU.ActiveCfg = Release|Any CPU
		{81E6F73E-5CA4-4FC0-9FC0-A508AFAEE05D}.Release35|Any CPU.Build.0 = Release|Any CPU
		{D9B92F71-4497-4050-A75D-0F9C84DFBE6B}.Debug|Any CPU.ActiveCfg = Debug|Any CPU
		{D9B92F71-4497-4050-A75D-0F9C84DFBE6B}.Debug|Any CPU.Build.0 = Debug|Any CPU
		{D9B92F71-4497-4050-A75D-0F9C84DFBE6B}.Debug35|Any CPU.ActiveCfg = Debug|Any CPU
		{D9B92F71-4497-4050-A75D-0F9C84DFBE6B}.Debug35|Any CPU.Build.0 = Debug|Any CPU
		{D9B92F71-4497-4050-A75D-0F9C84DFBE6B}.Release|Any CPU.ActiveCfg = Release|Any CPU
		{D9B92F71-4497-4050-A75D-0F9C84DFBE6B}.Release|Any CPU.Build.0 = Release|Any CPU
		{D9B92F71-4497-4050-A75D-0F9C84DFBE6B}.Release35|Any CPU.ActiveCfg = Release|Any CPU
		{D9B92F71-4497-4050-A75D-0F9C84DFBE6B}.Release35|Any CPU.Build.0 = Release|Any CPU
		{BD8679F6-9BC7-48EA-8DCE-F244BC328BA8}.Debug|Any CPU.ActiveCfg = Debug|Any CPU
		{BD8679F6-9BC7-48EA-8DCE-F244BC328BA8}.Debug|Any CPU.Build.0 = Debug|Any CPU
		{BD8679F6-9BC7-48EA-8DCE-F244BC328BA8}.Debug35|Any CPU.ActiveCfg = Debug|Any CPU
		{BD8679F6-9BC7-48EA-8DCE-F244BC328BA8}.Debug35|Any CPU.Build.0 = Debug|Any CPU
		{BD8679F6-9BC7-48EA-8DCE-F244BC328BA8}.Release|Any CPU.ActiveCfg = Release|Any CPU
		{BD8679F6-9BC7-48EA-8DCE-F244BC328BA8}.Release|Any CPU.Build.0 = Release|Any CPU
		{BD8679F6-9BC7-48EA-8DCE-F244BC328BA8}.Release35|Any CPU.ActiveCfg = Release|Any CPU
		{BD8679F6-9BC7-48EA-8DCE-F244BC328BA8}.Release35|Any CPU.Build.0 = Release|Any CPU
		{2C9B0E11-2654-49AF-855A-BFA629F302E8}.Debug|Any CPU.ActiveCfg = Debug|Any CPU
		{2C9B0E11-2654-49AF-855A-BFA629F302E8}.Debug|Any CPU.Build.0 = Debug|Any CPU
		{2C9B0E11-2654-49AF-855A-BFA629F302E8}.Debug35|Any CPU.ActiveCfg = Debug|Any CPU
		{2C9B0E11-2654-49AF-855A-BFA629F302E8}.Debug35|Any CPU.Build.0 = Debug|Any CPU
		{2C9B0E11-2654-49AF-855A-BFA629F302E8}.Release|Any CPU.ActiveCfg = Release|Any CPU
		{2C9B0E11-2654-49AF-855A-BFA629F302E8}.Release|Any CPU.Build.0 = Release|Any CPU
		{2C9B0E11-2654-49AF-855A-BFA629F302E8}.Release35|Any CPU.ActiveCfg = Release|Any CPU
		{2C9B0E11-2654-49AF-855A-BFA629F302E8}.Release35|Any CPU.Build.0 = Release|Any CPU
		{0B9BED62-EB15-47C2-9D40-D961910128BD}.Debug|Any CPU.ActiveCfg = Debug|Any CPU
		{0B9BED62-EB15-47C2-9D40-D961910128BD}.Debug|Any CPU.Build.0 = Debug|Any CPU
		{0B9BED62-EB15-47C2-9D40-D961910128BD}.Debug35|Any CPU.ActiveCfg = Debug|Any CPU
		{0B9BED62-EB15-47C2-9D40-D961910128BD}.Debug35|Any CPU.Build.0 = Debug|Any CPU
		{0B9BED62-EB15-47C2-9D40-D961910128BD}.Release|Any CPU.ActiveCfg = Release|Any CPU
		{0B9BED62-EB15-47C2-9D40-D961910128BD}.Release|Any CPU.Build.0 = Release|Any CPU
		{0B9BED62-EB15-47C2-9D40-D961910128BD}.Release35|Any CPU.ActiveCfg = Release|Any CPU
		{0B9BED62-EB15-47C2-9D40-D961910128BD}.Release35|Any CPU.Build.0 = Release|Any CPU
		{36E8F750-2713-4D63-8D08-60B376FB15BF}.Debug|Any CPU.ActiveCfg = Debug|Any CPU
		{36E8F750-2713-4D63-8D08-60B376FB15BF}.Debug|Any CPU.Build.0 = Debug|Any CPU
		{36E8F750-2713-4D63-8D08-60B376FB15BF}.Debug35|Any CPU.ActiveCfg = Debug|Any CPU
		{36E8F750-2713-4D63-8D08-60B376FB15BF}.Debug35|Any CPU.Build.0 = Debug|Any CPU
		{36E8F750-2713-4D63-8D08-60B376FB15BF}.Release|Any CPU.ActiveCfg = Release|Any CPU
		{36E8F750-2713-4D63-8D08-60B376FB15BF}.Release|Any CPU.Build.0 = Release|Any CPU
		{36E8F750-2713-4D63-8D08-60B376FB15BF}.Release35|Any CPU.ActiveCfg = Release|Any CPU
		{36E8F750-2713-4D63-8D08-60B376FB15BF}.Release35|Any CPU.Build.0 = Release|Any CPU
		{6780157E-48DF-4254-B455-D9CEBE73250F}.Debug|Any CPU.ActiveCfg = Debug|Any CPU
		{6780157E-48DF-4254-B455-D9CEBE73250F}.Debug|Any CPU.Build.0 = Debug|Any CPU
		{6780157E-48DF-4254-B455-D9CEBE73250F}.Debug35|Any CPU.ActiveCfg = Debug|Any CPU
		{6780157E-48DF-4254-B455-D9CEBE73250F}.Debug35|Any CPU.Build.0 = Debug|Any CPU
		{6780157E-48DF-4254-B455-D9CEBE73250F}.Release|Any CPU.ActiveCfg = Release|Any CPU
		{6780157E-48DF-4254-B455-D9CEBE73250F}.Release|Any CPU.Build.0 = Release|Any CPU
		{6780157E-48DF-4254-B455-D9CEBE73250F}.Release35|Any CPU.ActiveCfg = Release|Any CPU
		{6780157E-48DF-4254-B455-D9CEBE73250F}.Release35|Any CPU.Build.0 = Release|Any CPU
		{51729DE3-8BFF-4943-B5CD-CC63DDCB3E56}.Debug|Any CPU.ActiveCfg = Debug|Any CPU
		{51729DE3-8BFF-4943-B5CD-CC63DDCB3E56}.Debug|Any CPU.Build.0 = Debug|Any CPU
		{51729DE3-8BFF-4943-B5CD-CC63DDCB3E56}.Debug35|Any CPU.ActiveCfg = Debug|Any CPU
		{51729DE3-8BFF-4943-B5CD-CC63DDCB3E56}.Debug35|Any CPU.Build.0 = Debug|Any CPU
		{51729DE3-8BFF-4943-B5CD-CC63DDCB3E56}.Release|Any CPU.ActiveCfg = Release|Any CPU
		{51729DE3-8BFF-4943-B5CD-CC63DDCB3E56}.Release|Any CPU.Build.0 = Release|Any CPU
		{51729DE3-8BFF-4943-B5CD-CC63DDCB3E56}.Release35|Any CPU.ActiveCfg = Release|Any CPU
		{51729DE3-8BFF-4943-B5CD-CC63DDCB3E56}.Release35|Any CPU.Build.0 = Release|Any CPU
		{B982A3AE-CC79-49F6-A35C-2AEE6DF1A786}.Debug|Any CPU.ActiveCfg = Debug|Any CPU
		{B982A3AE-CC79-49F6-A35C-2AEE6DF1A786}.Debug|Any CPU.Build.0 = Debug|Any CPU
		{B982A3AE-CC79-49F6-A35C-2AEE6DF1A786}.Debug35|Any CPU.ActiveCfg = Debug|Any CPU
		{B982A3AE-CC79-49F6-A35C-2AEE6DF1A786}.Debug35|Any CPU.Build.0 = Debug|Any CPU
		{B982A3AE-CC79-49F6-A35C-2AEE6DF1A786}.Release|Any CPU.ActiveCfg = Release|Any CPU
		{B982A3AE-CC79-49F6-A35C-2AEE6DF1A786}.Release|Any CPU.Build.0 = Release|Any CPU
		{B982A3AE-CC79-49F6-A35C-2AEE6DF1A786}.Release35|Any CPU.ActiveCfg = Release|Any CPU
		{B982A3AE-CC79-49F6-A35C-2AEE6DF1A786}.Release35|Any CPU.Build.0 = Release|Any CPU
		{D78A0F88-323C-47BA-9E69-50FDF6EFCFCA}.Debug|Any CPU.ActiveCfg = Debug|Any CPU
		{D78A0F88-323C-47BA-9E69-50FDF6EFCFCA}.Debug|Any CPU.Build.0 = Debug|Any CPU
		{D78A0F88-323C-47BA-9E69-50FDF6EFCFCA}.Debug35|Any CPU.ActiveCfg = Debug|Any CPU
		{D78A0F88-323C-47BA-9E69-50FDF6EFCFCA}.Debug35|Any CPU.Build.0 = Debug|Any CPU
		{D78A0F88-323C-47BA-9E69-50FDF6EFCFCA}.Release|Any CPU.ActiveCfg = Release|Any CPU
		{D78A0F88-323C-47BA-9E69-50FDF6EFCFCA}.Release|Any CPU.Build.0 = Release|Any CPU
		{D78A0F88-323C-47BA-9E69-50FDF6EFCFCA}.Release35|Any CPU.ActiveCfg = Release|Any CPU
		{D78A0F88-323C-47BA-9E69-50FDF6EFCFCA}.Release35|Any CPU.Build.0 = Release|Any CPU
		{C2B6B91C-1D58-4531-8893-388960AFAA80}.Debug|Any CPU.ActiveCfg = Debug|Any CPU
		{C2B6B91C-1D58-4531-8893-388960AFAA80}.Debug|Any CPU.Build.0 = Debug|Any CPU
		{C2B6B91C-1D58-4531-8893-388960AFAA80}.Debug35|Any CPU.ActiveCfg = Debug|Any CPU
		{C2B6B91C-1D58-4531-8893-388960AFAA80}.Debug35|Any CPU.Build.0 = Debug|Any CPU
		{C2B6B91C-1D58-4531-8893-388960AFAA80}.Release|Any CPU.ActiveCfg = Release|Any CPU
		{C2B6B91C-1D58-4531-8893-388960AFAA80}.Release|Any CPU.Build.0 = Release|Any CPU
		{C2B6B91C-1D58-4531-8893-388960AFAA80}.Release35|Any CPU.ActiveCfg = Release|Any CPU
		{C2B6B91C-1D58-4531-8893-388960AFAA80}.Release35|Any CPU.Build.0 = Release|Any CPU
		{F14D8489-61A4-4883-98E8-4E03EB0058A3}.Debug|Any CPU.ActiveCfg = Debug|Any CPU
		{F14D8489-61A4-4883-98E8-4E03EB0058A3}.Debug|Any CPU.Build.0 = Debug|Any CPU
		{F14D8489-61A4-4883-98E8-4E03EB0058A3}.Debug35|Any CPU.ActiveCfg = Debug|Any CPU
		{F14D8489-61A4-4883-98E8-4E03EB0058A3}.Debug35|Any CPU.Build.0 = Debug|Any CPU
		{F14D8489-61A4-4883-98E8-4E03EB0058A3}.Release|Any CPU.ActiveCfg = Release|Any CPU
		{F14D8489-61A4-4883-98E8-4E03EB0058A3}.Release|Any CPU.Build.0 = Release|Any CPU
		{F14D8489-61A4-4883-98E8-4E03EB0058A3}.Release35|Any CPU.ActiveCfg = Release|Any CPU
		{F14D8489-61A4-4883-98E8-4E03EB0058A3}.Release35|Any CPU.Build.0 = Release|Any CPU
		{27CF8B76-260A-4FB9-8574-3B6BF13F110D}.Debug|Any CPU.ActiveCfg = Debug|Any CPU
		{27CF8B76-260A-4FB9-8574-3B6BF13F110D}.Debug|Any CPU.Build.0 = Debug|Any CPU
		{27CF8B76-260A-4FB9-8574-3B6BF13F110D}.Debug35|Any CPU.ActiveCfg = Debug|Any CPU
		{27CF8B76-260A-4FB9-8574-3B6BF13F110D}.Debug35|Any CPU.Build.0 = Debug|Any CPU
		{27CF8B76-260A-4FB9-8574-3B6BF13F110D}.Release|Any CPU.ActiveCfg = Release|Any CPU
		{27CF8B76-260A-4FB9-8574-3B6BF13F110D}.Release|Any CPU.Build.0 = Release|Any CPU
		{27CF8B76-260A-4FB9-8574-3B6BF13F110D}.Release35|Any CPU.ActiveCfg = Release|Any CPU
		{27CF8B76-260A-4FB9-8574-3B6BF13F110D}.Release35|Any CPU.Build.0 = Release|Any CPU
		{5D4AD9BE-1FFB-41AB-9943-25737971BF57}.Debug|Any CPU.ActiveCfg = Debug|Any CPU
		{5D4AD9BE-1FFB-41AB-9943-25737971BF57}.Debug|Any CPU.Build.0 = Debug|Any CPU
		{5D4AD9BE-1FFB-41AB-9943-25737971BF57}.Debug35|Any CPU.ActiveCfg = Debug35|Any CPU
		{5D4AD9BE-1FFB-41AB-9943-25737971BF57}.Debug35|Any CPU.Build.0 = Debug35|Any CPU
		{5D4AD9BE-1FFB-41AB-9943-25737971BF57}.Release|Any CPU.ActiveCfg = Release|Any CPU
		{5D4AD9BE-1FFB-41AB-9943-25737971BF57}.Release|Any CPU.Build.0 = Release|Any CPU
		{5D4AD9BE-1FFB-41AB-9943-25737971BF57}.Release35|Any CPU.ActiveCfg = Release35|Any CPU
		{5D4AD9BE-1FFB-41AB-9943-25737971BF57}.Release35|Any CPU.Build.0 = Release35|Any CPU
		{1407C9BA-337C-4C6C-B065-68328D3871B3}.Debug|Any CPU.ActiveCfg = Debug|Any CPU
		{1407C9BA-337C-4C6C-B065-68328D3871B3}.Debug|Any CPU.Build.0 = Debug|Any CPU
		{1407C9BA-337C-4C6C-B065-68328D3871B3}.Debug35|Any CPU.ActiveCfg = Debug35|Any CPU
		{1407C9BA-337C-4C6C-B065-68328D3871B3}.Debug35|Any CPU.Build.0 = Debug35|Any CPU
		{1407C9BA-337C-4C6C-B065-68328D3871B3}.Release|Any CPU.ActiveCfg = Release|Any CPU
		{1407C9BA-337C-4C6C-B065-68328D3871B3}.Release|Any CPU.Build.0 = Release|Any CPU
		{1407C9BA-337C-4C6C-B065-68328D3871B3}.Release35|Any CPU.ActiveCfg = Release35|Any CPU
		{1407C9BA-337C-4C6C-B065-68328D3871B3}.Release35|Any CPU.Build.0 = Release35|Any CPU
	EndGlobalSection
	GlobalSection(SolutionProperties) = preSolution
		HideSolutionNode = FALSE
	EndGlobalSection
	GlobalSection(NestedProjects) = preSolution
		{71755C13-7B45-48EA-8425-CBAD44133A02} = {E2772815-CCB6-4A0A-8411-C4884148ACCC}
		{25431232-C0B1-4AEF-890F-B92DA6DF2BED} = {E2772815-CCB6-4A0A-8411-C4884148ACCC}
		{CA36A1E6-9385-46AA-A10E-97699E293363} = {E2772815-CCB6-4A0A-8411-C4884148ACCC}
		{781F46EB-593F-484B-A1DA-C59B1E13B59D} = {E2772815-CCB6-4A0A-8411-C4884148ACCC}
		{A7A2ECD2-8C5C-4C95-9EFE-82D605FDB28C} = {E2772815-CCB6-4A0A-8411-C4884148ACCC}
		{7F74D14A-C101-457E-94B0-1DF57A619C84} = {E2772815-CCB6-4A0A-8411-C4884148ACCC}
		{1169AD9D-510C-4196-9A44-BC1BCB957DFB} = {E2772815-CCB6-4A0A-8411-C4884148ACCC}
		{AE25CC54-D7AB-4EFE-8A85-6BE0B336BE59} = {E2772815-CCB6-4A0A-8411-C4884148ACCC}
		{728524DF-119D-4D51-898A-BDFEBB2A56BD} = {E2772815-CCB6-4A0A-8411-C4884148ACCC}
		{DBCB4EA1-3129-4D2E-A653-DC948A34E0C2} = {E2772815-CCB6-4A0A-8411-C4884148ACCC}
		{0C4D9649-03DF-4F4D-8ABB-0FC2B86A8FE4} = {E2772815-CCB6-4A0A-8411-C4884148ACCC}
		{C78D0DDE-11B5-4BBA-98C0-756EBB98228A} = {E2772815-CCB6-4A0A-8411-C4884148ACCC}
		{D8BC8F2E-B5CB-472B-A894-3900A96FF456} = {E2772815-CCB6-4A0A-8411-C4884148ACCC}
		{3C35F9B3-FA34-4910-BDF6-BFDB27A2CB99} = {E2772815-CCB6-4A0A-8411-C4884148ACCC}
		{3868FB15-D7E8-4404-96E3-EDD5C0CEB670} = {E2772815-CCB6-4A0A-8411-C4884148ACCC}
		{8003C67F-4B92-47BC-9117-CEA7429F929E} = {E2772815-CCB6-4A0A-8411-C4884148ACCC}
		{F21C925B-3AA1-4139-9706-BA5073527A8F} = {E2772815-CCB6-4A0A-8411-C4884148ACCC}
		{03F631A2-1728-411F-851B-58B33200B7EA} = {E2772815-CCB6-4A0A-8411-C4884148ACCC}
		{1F2EE2A3-4D9C-4C9B-96CC-4414656301F2} = {E2772815-CCB6-4A0A-8411-C4884148ACCC}
		{D9A44465-6411-4BD5-9939-25F571DEAC4E} = {E2772815-CCB6-4A0A-8411-C4884148ACCC}
		{B428927B-B248-4428-BA1C-38FC6C2D8BCD} = {E2772815-CCB6-4A0A-8411-C4884148ACCC}
		{35808876-2219-4DB5-9F3E-C683EDB20BCA} = {E2772815-CCB6-4A0A-8411-C4884148ACCC}
		{6BDC71F9-7A04-45DA-8821-1246EC51E3CE} = {E2772815-CCB6-4A0A-8411-C4884148ACCC}
		{F4E4C255-DD0D-4AB8-985B-B20B36E5B6EE} = {E2772815-CCB6-4A0A-8411-C4884148ACCC}
		{81E6F73E-5CA4-4FC0-9FC0-A508AFAEE05D} = {E2772815-CCB6-4A0A-8411-C4884148ACCC}
		{D9B92F71-4497-4050-A75D-0F9C84DFBE6B} = {E2772815-CCB6-4A0A-8411-C4884148ACCC}
		{BD8679F6-9BC7-48EA-8DCE-F244BC328BA8} = {E2772815-CCB6-4A0A-8411-C4884148ACCC}
		{2C9B0E11-2654-49AF-855A-BFA629F302E8} = {E2772815-CCB6-4A0A-8411-C4884148ACCC}
		{0B9BED62-EB15-47C2-9D40-D961910128BD} = {E2772815-CCB6-4A0A-8411-C4884148ACCC}
		{36E8F750-2713-4D63-8D08-60B376FB15BF} = {E2772815-CCB6-4A0A-8411-C4884148ACCC}
		{6780157E-48DF-4254-B455-D9CEBE73250F} = {E2772815-CCB6-4A0A-8411-C4884148ACCC}
		{51729DE3-8BFF-4943-B5CD-CC63DDCB3E56} = {E2772815-CCB6-4A0A-8411-C4884148ACCC}
		{B982A3AE-CC79-49F6-A35C-2AEE6DF1A786} = {E2772815-CCB6-4A0A-8411-C4884148ACCC}
		{D78A0F88-323C-47BA-9E69-50FDF6EFCFCA} = {E2772815-CCB6-4A0A-8411-C4884148ACCC}
		{C2B6B91C-1D58-4531-8893-388960AFAA80} = {E2772815-CCB6-4A0A-8411-C4884148ACCC}
		{F14D8489-61A4-4883-98E8-4E03EB0058A3} = {E2772815-CCB6-4A0A-8411-C4884148ACCC}
		{27CF8B76-260A-4FB9-8574-3B6BF13F110D} = {E2772815-CCB6-4A0A-8411-C4884148ACCC}
		{5D4AD9BE-1FFB-41AB-9943-25737971BF57} = {E2772815-CCB6-4A0A-8411-C4884148ACCC}
		{1407C9BA-337C-4C6C-B065-68328D3871B3} = {E2772815-CCB6-4A0A-8411-C4884148ACCC}
	EndGlobalSection
EndGlobal
